# This file is automatically @generated by Cargo.
# It is not intended for manual editing.
version = 4

[[package]]
name = "raam"
version = "0.0.0"

[[package]]
name = "raam-android"
version = "0.0.0"

[[package]]
name = "raam-core"
version = "0.0.0"

[[package]]
name = "raam-engine"
version = "0.0.0"

[[package]]
name = "raam-model"
version = "0.0.0"

[[package]]
name = "raam-web"
version = "0.0.0"
